// !$*UTF8*$!
{
	archiveVersion = 1;
	classes = {
	};
	objectVersion = 56;
	objects = {

/* Begin PBXBuildFile section */
		5B1E0F02294BBE59002430A0 /* CryptoTableView.swift in Sources */ = {isa = PBXBuildFile; fileRef = 5B1E0F01294BBE59002430A0 /* CryptoTableView.swift */; };
		5B1E0F04294BBEA3002430A0 /* CryptoCell.swift in Sources */ = {isa = PBXBuildFile; fileRef = 5B1E0F03294BBEA3002430A0 /* CryptoCell.swift */; };
		5B1E0F0C294BC3C4002430A0 /* CellViewModel.swift in Sources */ = {isa = PBXBuildFile; fileRef = 5B1E0F0B294BC3C4002430A0 /* CellViewModel.swift */; };
		5B1E0F0E294BC4ED002430A0 /* UIView.swift in Sources */ = {isa = PBXBuildFile; fileRef = 5B1E0F0D294BC4ED002430A0 /* UIView.swift */; };
		5B1E0F10294BD25B002430A0 /* CustomIV.swift in Sources */ = {isa = PBXBuildFile; fileRef = 5B1E0F0F294BD25B002430A0 /* CustomIV.swift */; };
		5B1E0F19294C5CDE002430A0 /* CryptoTableHeader.swift in Sources */ = {isa = PBXBuildFile; fileRef = 5B1E0F18294C5CDE002430A0 /* CryptoTableHeader.swift */; };
		5B1E0F1B294C5F7B002430A0 /* Resources.swift in Sources */ = {isa = PBXBuildFile; fileRef = 5B1E0F1A294C5F7B002430A0 /* Resources.swift */; };
		5B1E0F1D294C63EA002430A0 /* SelectorButton.swift in Sources */ = {isa = PBXBuildFile; fileRef = 5B1E0F1C294C63EA002430A0 /* SelectorButton.swift */; };
		5B95ED5928EAC7C100EA54BB /* AppDelegate.swift in Sources */ = {isa = PBXBuildFile; fileRef = 5B95ED5828EAC7C100EA54BB /* AppDelegate.swift */; };
		5B95ED5D28EAC7C100EA54BB /* ViewController.swift in Sources */ = {isa = PBXBuildFile; fileRef = 5B95ED5C28EAC7C100EA54BB /* ViewController.swift */; };
		5B95ED6228EAC7C300EA54BB /* Assets.xcassets in Resources */ = {isa = PBXBuildFile; fileRef = 5B95ED6128EAC7C300EA54BB /* Assets.xcassets */; };
		5B95ED6528EAC7C300EA54BB /* LaunchScreen.storyboard in Resources */ = {isa = PBXBuildFile; fileRef = 5B95ED6328EAC7C300EA54BB /* LaunchScreen.storyboard */; };
		5B95ED7128EAD03A00EA54BB /* CryptoModel.swift in Sources */ = {isa = PBXBuildFile; fileRef = 5B95ED7028EAD03A00EA54BB /* CryptoModel.swift */; };
		5B95ED7328EAE0B900EA54BB /* Network.swift in Sources */ = {isa = PBXBuildFile; fileRef = 5B95ED7228EAE0B900EA54BB /* Network.swift */; };
/* End PBXBuildFile section */

/* Begin PBXFileReference section */
		5B1E0F01294BBE59002430A0 /* CryptoTableView.swift */ = {isa = PBXFileReference; lastKnownFileType = sourcecode.swift; path = CryptoTableView.swift; sourceTree = "<group>"; };
		5B1E0F03294BBEA3002430A0 /* CryptoCell.swift */ = {isa = PBXFileReference; lastKnownFileType = sourcecode.swift; path = CryptoCell.swift; sourceTree = "<group>"; };
		5B1E0F0B294BC3C4002430A0 /* CellViewModel.swift */ = {isa = PBXFileReference; lastKnownFileType = sourcecode.swift; path = CellViewModel.swift; sourceTree = "<group>"; };
		5B1E0F0D294BC4ED002430A0 /* UIView.swift */ = {isa = PBXFileReference; lastKnownFileType = sourcecode.swift; path = UIView.swift; sourceTree = "<group>"; };
		5B1E0F0F294BD25B002430A0 /* CustomIV.swift */ = {isa = PBXFileReference; lastKnownFileType = sourcecode.swift; path = CustomIV.swift; sourceTree = "<group>"; };
		5B1E0F18294C5CDE002430A0 /* CryptoTableHeader.swift */ = {isa = PBXFileReference; lastKnownFileType = sourcecode.swift; path = CryptoTableHeader.swift; sourceTree = "<group>"; };
		5B1E0F1A294C5F7B002430A0 /* Resources.swift */ = {isa = PBXFileReference; lastKnownFileType = sourcecode.swift; path = Resources.swift; sourceTree = "<group>"; };
		5B1E0F1C294C63EA002430A0 /* SelectorButton.swift */ = {isa = PBXFileReference; lastKnownFileType = sourcecode.swift; path = SelectorButton.swift; sourceTree = "<group>"; };
		5B95ED5528EAC7C100EA54BB /* cryptoMonitoring.app */ = {isa = PBXFileReference; explicitFileType = wrapper.application; includeInIndex = 0; path = cryptoMonitoring.app; sourceTree = BUILT_PRODUCTS_DIR; };
		5B95ED5828EAC7C100EA54BB /* AppDelegate.swift */ = {isa = PBXFileReference; lastKnownFileType = sourcecode.swift; path = AppDelegate.swift; sourceTree = "<group>"; };
		5B95ED5C28EAC7C100EA54BB /* ViewController.swift */ = {isa = PBXFileReference; lastKnownFileType = sourcecode.swift; path = ViewController.swift; sourceTree = "<group>"; };
		5B95ED6128EAC7C300EA54BB /* Assets.xcassets */ = {isa = PBXFileReference; lastKnownFileType = folder.assetcatalog; path = Assets.xcassets; sourceTree = "<group>"; };
		5B95ED6428EAC7C300EA54BB /* Base */ = {isa = PBXFileReference; lastKnownFileType = file.storyboard; name = Base; path = Base.lproj/LaunchScreen.storyboard; sourceTree = "<group>"; };
		5B95ED6628EAC7C300EA54BB /* Info.plist */ = {isa = PBXFileReference; lastKnownFileType = text.plist.xml; path = Info.plist; sourceTree = "<group>"; };
		5B95ED7028EAD03A00EA54BB /* CryptoModel.swift */ = {isa = PBXFileReference; lastKnownFileType = sourcecode.swift; path = CryptoModel.swift; sourceTree = "<group>"; };
		5B95ED7228EAE0B900EA54BB /* Network.swift */ = {isa = PBXFileReference; lastKnownFileType = sourcecode.swift; path = Network.swift; sourceTree = "<group>"; };
/* End PBXFileReference section */

/* Begin PBXFrameworksBuildPhase section */
		5B95ED5228EAC7C100EA54BB /* Frameworks */ = {
			isa = PBXFrameworksBuildPhase;
			buildActionMask = 2147483647;
			files = (
			);
			runOnlyForDeploymentPostprocessing = 0;
		};
/* End PBXFrameworksBuildPhase section */

/* Begin PBXGroup section */
		5B1E0F05294BC37B002430A0 /* Extension */ = {
			isa = PBXGroup;
			children = (
				5B1E0F0D294BC4ED002430A0 /* UIView.swift */,
				5B1E0F0F294BD25B002430A0 /* CustomIV.swift */,
			);
			path = Extension;
			sourceTree = "<group>";
		};
		5B1E0F0A294BC3B4002430A0 /* ViewModel */ = {
			isa = PBXGroup;
			children = (
				5B1E0F0B294BC3C4002430A0 /* CellViewModel.swift */,
			);
			path = ViewModel;
			sourceTree = "<group>";
		};
		5B2643F12907EE74003B3966 /* Frameworks */ = {
			isa = PBXGroup;
			children = (
			);
			name = Frameworks;
			sourceTree = "<group>";
		};
		5B6CA12E294BB51D00678C69 /* Application */ = {
			isa = PBXGroup;
			children = (
				5B95ED5828EAC7C100EA54BB /* AppDelegate.swift */,
			);
			path = Application;
			sourceTree = "<group>";
		};
		5B6CA12F294BB52700678C69 /* Controller */ = {
			isa = PBXGroup;
			children = (
				5B95ED5C28EAC7C100EA54BB /* ViewController.swift */,
			);
			path = Controller;
			sourceTree = "<group>";
		};
		5B6CA130294BB53200678C69 /* View */ = {
			isa = PBXGroup;
			children = (
				5B1E0F01294BBE59002430A0 /* CryptoTableView.swift */,
				5B1E0F03294BBEA3002430A0 /* CryptoCell.swift */,
				5B1E0F18294C5CDE002430A0 /* CryptoTableHeader.swift */,
				5B1E0F1C294C63EA002430A0 /* SelectorButton.swift */,
			);
			path = View;
			sourceTree = "<group>";
		};
		5B6CA131294BB53600678C69 /* Model */ = {
			isa = PBXGroup;
			children = (
				5B95ED7028EAD03A00EA54BB /* CryptoModel.swift */,
			);
			path = Model;
			sourceTree = "<group>";
		};
		5B6CA132294BB54700678C69 /* Service */ = {
			isa = PBXGroup;
			children = (
				5B95ED7228EAE0B900EA54BB /* Network.swift */,
			);
			path = Service;
			sourceTree = "<group>";
		};
		5B6CA133294BB57B00678C69 /* Supporting files */ = {
			isa = PBXGroup;
			children = (
				5B95ED6328EAC7C300EA54BB /* LaunchScreen.storyboard */,
				5B95ED6628EAC7C300EA54BB /* Info.plist */,
			);
			path = "Supporting files";
			sourceTree = "<group>";
		};
		5B6CA134294BB58F00678C69 /* Resources */ = {
			isa = PBXGroup;
			children = (
				5B95ED6128EAC7C300EA54BB /* Assets.xcassets */,
				5B1E0F1A294C5F7B002430A0 /* Resources.swift */,
			);
			path = Resources;
			sourceTree = "<group>";
		};
		5B95ED4C28EAC7C100EA54BB = {
			isa = PBXGroup;
			children = (
				5B95ED5728EAC7C100EA54BB /* cryptoMonitoring */,
				5B95ED5628EAC7C100EA54BB /* Products */,
				5B2643F12907EE74003B3966 /* Frameworks */,
			);
			sourceTree = "<group>";
		};
		5B95ED5628EAC7C100EA54BB /* Products */ = {
			isa = PBXGroup;
			children = (
				5B95ED5528EAC7C100EA54BB /* cryptoMonitoring.app */,
			);
			name = Products;
			sourceTree = "<group>";
		};
		5B95ED5728EAC7C100EA54BB /* cryptoMonitoring */ = {
			isa = PBXGroup;
			children = (
				5B6CA12E294BB51D00678C69 /* Application */,
				5B6CA131294BB53600678C69 /* Model */,
				5B6CA130294BB53200678C69 /* View */,
				5B1E0F0A294BC3B4002430A0 /* ViewModel */,
				5B6CA12F294BB52700678C69 /* Controller */,
				5B6CA132294BB54700678C69 /* Service */,
				5B6CA134294BB58F00678C69 /* Resources */,
				5B6CA133294BB57B00678C69 /* Supporting files */,
				5B1E0F05294BC37B002430A0 /* Extension */,
			);
			path = cryptoMonitoring;
			sourceTree = "<group>";
		};
/* End PBXGroup section */

/* Begin PBXNativeTarget section */
		5B95ED5428EAC7C100EA54BB /* cryptoMonitoring */ = {
			isa = PBXNativeTarget;
			buildConfigurationList = 5B95ED6928EAC7C300EA54BB /* Build configuration list for PBXNativeTarget "cryptoMonitoring" */;
			buildPhases = (
				5B95ED5128EAC7C100EA54BB /* Sources */,
				5B95ED5228EAC7C100EA54BB /* Frameworks */,
				5B95ED5328EAC7C100EA54BB /* Resources */,
			);
			buildRules = (
			);
			dependencies = (
			);
			name = cryptoMonitoring;
			packageProductDependencies = (
			);
			productName = cryptoMonitoring;
			productReference = 5B95ED5528EAC7C100EA54BB /* cryptoMonitoring.app */;
			productType = "com.apple.product-type.application";
		};
/* End PBXNativeTarget section */

/* Begin PBXProject section */
		5B95ED4D28EAC7C100EA54BB /* Project object */ = {
			isa = PBXProject;
			attributes = {
				BuildIndependentTargetsInParallel = 1;
				LastSwiftUpdateCheck = 1400;
				LastUpgradeCheck = 1400;
				TargetAttributes = {
					5B95ED5428EAC7C100EA54BB = {
						CreatedOnToolsVersion = 14.0;
					};
				};
			};
			buildConfigurationList = 5B95ED5028EAC7C100EA54BB /* Build configuration list for PBXProject "cryptoMonitoring" */;
			compatibilityVersion = "Xcode 14.0";
			developmentRegion = en;
			hasScannedForEncodings = 0;
			knownRegions = (
				en,
				Base,
			);
			mainGroup = 5B95ED4C28EAC7C100EA54BB;
			packageReferences = (
			);
			productRefGroup = 5B95ED5628EAC7C100EA54BB /* Products */;
			projectDirPath = "";
			projectRoot = "";
			targets = (
				5B95ED5428EAC7C100EA54BB /* cryptoMonitoring */,
			);
		};
/* End PBXProject section */

/* Begin PBXResourcesBuildPhase section */
		5B95ED5328EAC7C100EA54BB /* Resources */ = {
			isa = PBXResourcesBuildPhase;
			buildActionMask = 2147483647;
			files = (
				5B95ED6528EAC7C300EA54BB /* LaunchScreen.storyboard in Resources */,
				5B95ED6228EAC7C300EA54BB /* Assets.xcassets in Resources */,
			);
			runOnlyForDeploymentPostprocessing = 0;
		};
/* End PBXResourcesBuildPhase section */

/* Begin PBXSourcesBuildPhase section */
		5B95ED5128EAC7C100EA54BB /* Sources */ = {
			isa = PBXSourcesBuildPhase;
			buildActionMask = 2147483647;
			files = (
				5B1E0F0E294BC4ED002430A0 /* UIView.swift in Sources */,
				5B1E0F10294BD25B002430A0 /* CustomIV.swift in Sources */,
				5B1E0F02294BBE59002430A0 /* CryptoTableView.swift in Sources */,
				5B95ED7128EAD03A00EA54BB /* CryptoModel.swift in Sources */,
				5B95ED5D28EAC7C100EA54BB /* ViewController.swift in Sources */,
				5B1E0F0C294BC3C4002430A0 /* CellViewModel.swift in Sources */,
				5B1E0F04294BBEA3002430A0 /* CryptoCell.swift in Sources */,
				5B95ED5928EAC7C100EA54BB /* AppDelegate.swift in Sources */,
				5B1E0F19294C5CDE002430A0 /* CryptoTableHeader.swift in Sources */,
				5B1E0F1D294C63EA002430A0 /* SelectorButton.swift in Sources */,
				5B1E0F1B294C5F7B002430A0 /* Resources.swift in Sources */,
				5B95ED7328EAE0B900EA54BB /* Network.swift in Sources */,
			);
			runOnlyForDeploymentPostprocessing = 0;
		};
/* End PBXSourcesBuildPhase section */

/* Begin PBXVariantGroup section */
		5B95ED6328EAC7C300EA54BB /* LaunchScreen.storyboard */ = {
			isa = PBXVariantGroup;
			children = (
				5B95ED6428EAC7C300EA54BB /* Base */,
			);
			name = LaunchScreen.storyboard;
			sourceTree = "<group>";
		};
/* End PBXVariantGroup section */

/* Begin XCBuildConfiguration section */
		5B95ED6728EAC7C300EA54BB /* Debug */ = {
			isa = XCBuildConfiguration;
			buildSettings = {
				ALWAYS_SEARCH_USER_PATHS = NO;
				CLANG_ANALYZER_NONNULL = YES;
				CLANG_ANALYZER_NUMBER_OBJECT_CONVERSION = YES_AGGRESSIVE;
				CLANG_CXX_LANGUAGE_STANDARD = "gnu++20";
				CLANG_ENABLE_MODULES = YES;
				CLANG_ENABLE_OBJC_ARC = YES;
				CLANG_ENABLE_OBJC_WEAK = YES;
				CLANG_WARN_BLOCK_CAPTURE_AUTORELEASING = YES;
				CLANG_WARN_BOOL_CONVERSION = YES;
				CLANG_WARN_COMMA = YES;
				CLANG_WARN_CONSTANT_CONVERSION = YES;
				CLANG_WARN_DEPRECATED_OBJC_IMPLEMENTATIONS = YES;
				CLANG_WARN_DIRECT_OBJC_ISA_USAGE = YES_ERROR;
				CLANG_WARN_DOCUMENTATION_COMMENTS = YES;
				CLANG_WARN_EMPTY_BODY = YES;
				CLANG_WARN_ENUM_CONVERSION = YES;
				CLANG_WARN_INFINITE_RECURSION = YES;
				CLANG_WARN_INT_CONVERSION = YES;
				CLANG_WARN_NON_LITERAL_NULL_CONVERSION = YES;
				CLANG_WARN_OBJC_IMPLICIT_RETAIN_SELF = YES;
				CLANG_WARN_OBJC_LITERAL_CONVERSION = YES;
				CLANG_WARN_OBJC_ROOT_CLASS = YES_ERROR;
				CLANG_WARN_QUOTED_INCLUDE_IN_FRAMEWORK_HEADER = YES;
				CLANG_WARN_RANGE_LOOP_ANALYSIS = YES;
				CLANG_WARN_STRICT_PROTOTYPES = YES;
				CLANG_WARN_SUSPICIOUS_MOVE = YES;
				CLANG_WARN_UNGUARDED_AVAILABILITY = YES_AGGRESSIVE;
				CLANG_WARN_UNREACHABLE_CODE = YES;
				CLANG_WARN__DUPLICATE_METHOD_MATCH = YES;
				COPY_PHASE_STRIP = NO;
				DEBUG_INFORMATION_FORMAT = dwarf;
				ENABLE_STRICT_OBJC_MSGSEND = YES;
				ENABLE_TESTABILITY = YES;
				GCC_C_LANGUAGE_STANDARD = gnu11;
				GCC_DYNAMIC_NO_PIC = NO;
				GCC_NO_COMMON_BLOCKS = YES;
				GCC_OPTIMIZATION_LEVEL = 0;
				GCC_PREPROCESSOR_DEFINITIONS = (
					"DEBUG=1",
					"$(inherited)",
				);
				GCC_WARN_64_TO_32_BIT_CONVERSION = YES;
				GCC_WARN_ABOUT_RETURN_TYPE = YES_ERROR;
				GCC_WARN_UNDECLARED_SELECTOR = YES;
				GCC_WARN_UNINITIALIZED_AUTOS = YES_AGGRESSIVE;
				GCC_WARN_UNUSED_FUNCTION = YES;
				GCC_WARN_UNUSED_VARIABLE = YES;
				IPHONEOS_DEPLOYMENT_TARGET = 16.0;
				MTL_ENABLE_DEBUG_INFO = INCLUDE_SOURCE;
				MTL_FAST_MATH = YES;
				ONLY_ACTIVE_ARCH = YES;
				SDKROOT = iphoneos;
				SWIFT_ACTIVE_COMPILATION_CONDITIONS = DEBUG;
				SWIFT_OPTIMIZATION_LEVEL = "-Onone";
			};
			name = Debug;
		};
		5B95ED6828EAC7C300EA54BB /* Release */ = {
			isa = XCBuildConfiguration;
			buildSettings = {
				ALWAYS_SEARCH_USER_PATHS = NO;
				CLANG_ANALYZER_NONNULL = YES;
				CLANG_ANALYZER_NUMBER_OBJECT_CONVERSION = YES_AGGRESSIVE;
				CLANG_CXX_LANGUAGE_STANDARD = "gnu++20";
				CLANG_ENABLE_MODULES = YES;
				CLANG_ENABLE_OBJC_ARC = YES;
				CLANG_ENABLE_OBJC_WEAK = YES;
				CLANG_WARN_BLOCK_CAPTURE_AUTORELEASING = YES;
				CLANG_WARN_BOOL_CONVERSION = YES;
				CLANG_WARN_COMMA = YES;
				CLANG_WARN_CONSTANT_CONVERSION = YES;
				CLANG_WARN_DEPRECATED_OBJC_IMPLEMENTATIONS = YES;
				CLANG_WARN_DIRECT_OBJC_ISA_USAGE = YES_ERROR;
				CLANG_WARN_DOCUMENTATION_COMMENTS = YES;
				CLANG_WARN_EMPTY_BODY = YES;
				CLANG_WARN_ENUM_CONVERSION = YES;
				CLANG_WARN_INFINITE_RECURSION = YES;
				CLANG_WARN_INT_CONVERSION = YES;
				CLANG_WARN_NON_LITERAL_NULL_CONVERSION = YES;
				CLANG_WARN_OBJC_IMPLICIT_RETAIN_SELF = YES;
				CLANG_WARN_OBJC_LITERAL_CONVERSION = YES;
				CLANG_WARN_OBJC_ROOT_CLASS = YES_ERROR;
				CLANG_WARN_QUOTED_INCLUDE_IN_FRAMEWORK_HEADER = YES;
				CLANG_WARN_RANGE_LOOP_ANALYSIS = YES;
				CLANG_WARN_STRICT_PROTOTYPES = YES;
				CLANG_WARN_SUSPICIOUS_MOVE = YES;
				CLANG_WARN_UNGUARDED_AVAILABILITY = YES_AGGRESSIVE;
				CLANG_WARN_UNREACHABLE_CODE = YES;
				CLANG_WARN__DUPLICATE_METHOD_MATCH = YES;
				COPY_PHASE_STRIP = NO;
				DEBUG_INFORMATION_FORMAT = "dwarf-with-dsym";
				ENABLE_NS_ASSERTIONS = NO;
				ENABLE_STRICT_OBJC_MSGSEND = YES;
				GCC_C_LANGUAGE_STANDARD = gnu11;
				GCC_NO_COMMON_BLOCKS = YES;
				GCC_WARN_64_TO_32_BIT_CONVERSION = YES;
				GCC_WARN_ABOUT_RETURN_TYPE = YES_ERROR;
				GCC_WARN_UNDECLARED_SELECTOR = YES;
				GCC_WARN_UNINITIALIZED_AUTOS = YES_AGGRESSIVE;
				GCC_WARN_UNUSED_FUNCTION = YES;
				GCC_WARN_UNUSED_VARIABLE = YES;
				IPHONEOS_DEPLOYMENT_TARGET = 16.0;
				MTL_ENABLE_DEBUG_INFO = NO;
				MTL_FAST_MATH = YES;
				SDKROOT = iphoneos;
				SWIFT_COMPILATION_MODE = wholemodule;
				SWIFT_OPTIMIZATION_LEVEL = "-O";
				VALIDATE_PRODUCT = YES;
			};
			name = Release;
		};
		5B95ED6A28EAC7C300EA54BB /* Debug */ = {
			isa = XCBuildConfiguration;
			buildSettings = {
				ASSETCATALOG_COMPILER_APPICON_NAME = AppIcon;
				ASSETCATALOG_COMPILER_GLOBAL_ACCENT_COLOR_NAME = AccentColor;
				CODE_SIGN_STYLE = Automatic;
				CURRENT_PROJECT_VERSION = 1;
				DEVELOPMENT_TEAM = 88H5UYEH5N;
				GENERATE_INFOPLIST_FILE = YES;
				INFOPLIST_FILE = "cryptoMonitoring/Supporting files/Info.plist";
				INFOPLIST_KEY_UIApplicationSupportsIndirectInputEvents = YES;
				INFOPLIST_KEY_UILaunchStoryboardName = LaunchScreen;
				INFOPLIST_KEY_UISupportedInterfaceOrientations_iPad = "UIInterfaceOrientationPortrait UIInterfaceOrientationPortraitUpsideDown UIInterfaceOrientationLandscapeLeft UIInterfaceOrientationLandscapeRight";
				INFOPLIST_KEY_UISupportedInterfaceOrientations_iPhone = "UIInterfaceOrientationPortrait UIInterfaceOrientationLandscapeLeft UIInterfaceOrientationLandscapeRight";
				IPHONEOS_DEPLOYMENT_TARGET = 15.2;
				LD_RUNPATH_SEARCH_PATHS = (
					"$(inherited)",
					"@executable_path/Frameworks",
				);
				MARKETING_VERSION = 1.0;
				PRODUCT_BUNDLE_IDENTIFIER = c.cryptoMonitoring;
				PRODUCT_NAME = "$(TARGET_NAME)";
				SWIFT_EMIT_LOC_STRINGS = YES;
				SWIFT_VERSION = 5.0;
				TARGETED_DEVICE_FAMILY = "1,2";
			};
			name = Debug;
		};
		5B95ED6B28EAC7C300EA54BB /* Release */ = {
			isa = XCBuildConfiguration;
			buildSettings = {
				ASSETCATALOG_COMPILER_APPICON_NAME = AppIcon;
				ASSETCATALOG_COMPILER_GLOBAL_ACCENT_COLOR_NAME = AccentColor;
				CODE_SIGN_STYLE = Automatic;
				CURRENT_PROJECT_VERSION = 1;
				DEVELOPMENT_TEAM = 88H5UYEH5N;
				GENERATE_INFOPLIST_FILE = YES;
				INFOPLIST_FILE = "cryptoMonitoring/Supporting files/Info.plist";
				INFOPLIST_KEY_UIApplicationSupportsIndirectInputEvents = YES;
				INFOPLIST_KEY_UILaunchStoryboardName = LaunchScreen;
				INFOPLIST_KEY_UISupportedInterfaceOrientations_iPad = "UIInterfaceOrientationPortrait UIInterfaceOrientationPortraitUpsideDown UIInterfaceOrientationLandscapeLeft UIInterfaceOrientationLandscapeRight";
				INFOPLIST_KEY_UISupportedInterfaceOrientations_iPhone = "UIInterfaceOrientationPortrait UIInterfaceOrientationLandscapeLeft UIInterfaceOrientationLandscapeRight";
				IPHONEOS_DEPLOYMENT_TARGET = 15.2;
				LD_RUNPATH_SEARCH_PATHS = (
					"$(inherited)",
					"@executable_path/Frameworks",
				);
				MARKETING_VERSION = 1.0;
				PRODUCT_BUNDLE_IDENTIFIER = c.cryptoMonitoring;
				PRODUCT_NAME = "$(TARGET_NAME)";
				SWIFT_EMIT_LOC_STRINGS = YES;
				SWIFT_VERSION = 5.0;
				TARGETED_DEVICE_FAMILY = "1,2";
			};
			name = Release;
		};
/* End XCBuildConfiguration section */

/* Begin XCConfigurationList section */
		5B95ED5028EAC7C100EA54BB /* Build configuration list for PBXProject "cryptoMonitoring" */ = {
			isa = XCConfigurationList;
			buildConfigurations = (
				5B95ED6728EAC7C300EA54BB /* Debug */,
				5B95ED6828EAC7C300EA54BB /* Release */,
			);
			defaultConfigurationIsVisible = 0;
			defaultConfigurationName = Release;
		};
		5B95ED6928EAC7C300EA54BB /* Build configuration list for PBXNativeTarget "cryptoMonitoring" */ = {
			isa = XCConfigurationList;
			buildConfigurations = (
				5B95ED6A28EAC7C300EA54BB /* Debug */,
				5B95ED6B28EAC7C300EA54BB /* Release */,
			);
			defaultConfigurationIsVisible = 0;
			defaultConfigurationName = Release;
		};
/* End XCConfigurationList section */
	};
	rootObject = 5B95ED4D28EAC7C100EA54BB /* Project object */;
}
