// !$*UTF8*$!
{
	archiveVersion = 1;
	classes = {
	};
	objectVersion = 56;
	objects = {

/* Begin PBXBuildFile section */
		5B1E0F10294BD25B002430A0 /* LoadImageView.swift in Sources */ = {isa = PBXBuildFile; fileRef = 5B1E0F0F294BD25B002430A0 /* LoadImageView.swift */; };
		5B1F91242A87601800F1ACEE /* OneGoLayoutConstraint in Frameworks */ = {isa = PBXBuildFile; productRef = 5B1F91232A87601800F1ACEE /* OneGoLayoutConstraint */; };
		5B1F91262A8760F200F1ACEE /* UICollectionView+Extension.swift in Sources */ = {isa = PBXBuildFile; fileRef = 5B1F91252A8760F200F1ACEE /* UICollectionView+Extension.swift */; };
		5B1F91292A87614E00F1ACEE /* CryptoCollectionCell.swift in Sources */ = {isa = PBXBuildFile; fileRef = 5B1F91282A87614E00F1ACEE /* CryptoCollectionCell.swift */; };
		5B1F912D2A8762FE00F1ACEE /* ErrorType.swift in Sources */ = {isa = PBXBuildFile; fileRef = 5B1F912C2A8762FE00F1ACEE /* ErrorType.swift */; };
		5B1F91302A8777AB00F1ACEE /* CryptoViewModel.swift in Sources */ = {isa = PBXBuildFile; fileRef = 5B1F912F2A8777AB00F1ACEE /* CryptoViewModel.swift */; };
		5B1F91332A87788100F1ACEE /* CoinType.swift in Sources */ = {isa = PBXBuildFile; fileRef = 5B1F91322A87788100F1ACEE /* CoinType.swift */; };
		5B1F91352A87791800F1ACEE /* CoinUIModel.swift in Sources */ = {isa = PBXBuildFile; fileRef = 5B1F91342A87791800F1ACEE /* CoinUIModel.swift */; };
		5B1F91382A877BD800F1ACEE /* CryptoService.swift in Sources */ = {isa = PBXBuildFile; fileRef = 5B1F91372A877BD800F1ACEE /* CryptoService.swift */; };
		5B1F913A2A878E1900F1ACEE /* Publisher+Extension.swift in Sources */ = {isa = PBXBuildFile; fileRef = 5B1F91392A878E1900F1ACEE /* Publisher+Extension.swift */; };
		5B1F913C2A87918400F1ACEE /* CryptoCell.swift in Sources */ = {isa = PBXBuildFile; fileRef = 5B1F913B2A87918400F1ACEE /* CryptoCell.swift */; };
		5B1F913E2A879B2C00F1ACEE /* TabCell.swift in Sources */ = {isa = PBXBuildFile; fileRef = 5B1F913D2A879B2C00F1ACEE /* TabCell.swift */; };
		5B1F91422A87AAD500F1ACEE /* CryptoConfigurator.swift in Sources */ = {isa = PBXBuildFile; fileRef = 5B1F91412A87AAD500F1ACEE /* CryptoConfigurator.swift */; };
		5B1F91442A87AAF300F1ACEE /* CryptoOutput.swift in Sources */ = {isa = PBXBuildFile; fileRef = 5B1F91432A87AAF300F1ACEE /* CryptoOutput.swift */; };
		5B1F914A2A87B29900F1ACEE /* BottomSheetTransitioningDelegate.swift in Sources */ = {isa = PBXBuildFile; fileRef = 5B1F91472A87B29900F1ACEE /* BottomSheetTransitioningDelegate.swift */; };
		5B1F914B2A87B29900F1ACEE /* PreferredSheetSizing.swift in Sources */ = {isa = PBXBuildFile; fileRef = 5B1F91482A87B29900F1ACEE /* PreferredSheetSizing.swift */; };
		5B1F914C2A87B29900F1ACEE /* BottomSheetController.swift in Sources */ = {isa = PBXBuildFile; fileRef = 5B1F91492A87B29900F1ACEE /* BottomSheetController.swift */; };
		5B1F914F2A87B2BC00F1ACEE /* ErrorViewController.swift in Sources */ = {isa = PBXBuildFile; fileRef = 5B1F914E2A87B2BB00F1ACEE /* ErrorViewController.swift */; };
		5B1F91512A87B2FE00F1ACEE /* ErrorViewModel.swift in Sources */ = {isa = PBXBuildFile; fileRef = 5B1F91502A87B2FE00F1ACEE /* ErrorViewModel.swift */; };
		5B1F91532A87B42100F1ACEE /* ErrorViewOutput.swift in Sources */ = {isa = PBXBuildFile; fileRef = 5B1F91522A87B42100F1ACEE /* ErrorViewOutput.swift */; };
		5B1F91552A87B6D700F1ACEE /* UIControl+Combine.swift in Sources */ = {isa = PBXBuildFile; fileRef = 5B1F91542A87B6D700F1ACEE /* UIControl+Combine.swift */; };
		5B1F91572A87B73A00F1ACEE /* ErrorConfigurator.swift in Sources */ = {isa = PBXBuildFile; fileRef = 5B1F91562A87B73A00F1ACEE /* ErrorConfigurator.swift */; };
		5B1F915F2A87BF6800F1ACEE /* UIApplicationExtension.swift in Sources */ = {isa = PBXBuildFile; fileRef = 5B1F91592A87BF6800F1ACEE /* UIApplicationExtension.swift */; };
		5B1F91602A87BF6800F1ACEE /* Presentable.swift in Sources */ = {isa = PBXBuildFile; fileRef = 5B1F915A2A87BF6800F1ACEE /* Presentable.swift */; };
		5B1F91612A87BF6800F1ACEE /* MainRouter.swift in Sources */ = {isa = PBXBuildFile; fileRef = 5B1F915B2A87BF6800F1ACEE /* MainRouter.swift */; };
		5B1F91622A87BF6800F1ACEE /* Router.swift in Sources */ = {isa = PBXBuildFile; fileRef = 5B1F915C2A87BF6800F1ACEE /* Router.swift */; };
		5B1F91632A87BF6800F1ACEE /* BaseCoordinator.swift in Sources */ = {isa = PBXBuildFile; fileRef = 5B1F915D2A87BF6800F1ACEE /* BaseCoordinator.swift */; };
		5B1F91642A87BF6800F1ACEE /* Coordinator.swift in Sources */ = {isa = PBXBuildFile; fileRef = 5B1F915E2A87BF6800F1ACEE /* Coordinator.swift */; };
		5B1F91662A87BF7800F1ACEE /* MainCoordinator.swift in Sources */ = {isa = PBXBuildFile; fileRef = 5B1F91652A87BF7800F1ACEE /* MainCoordinator.swift */; };
		5B1F91682A87C12B00F1ACEE /* MainService.swift in Sources */ = {isa = PBXBuildFile; fileRef = 5B1F91672A87C12B00F1ACEE /* MainService.swift */; };
		5B1F916A2A87C23400F1ACEE /* UIViewController+Extension.swift in Sources */ = {isa = PBXBuildFile; fileRef = 5B1F91692A87C23400F1ACEE /* UIViewController+Extension.swift */; };
		5B1F916E2A87C55600F1ACEE /* SceneDelegate.swift in Sources */ = {isa = PBXBuildFile; fileRef = 5B1F916D2A87C55600F1ACEE /* SceneDelegate.swift */; };
		5B6D8BC42A87D2E200D3A53E /* CryptoLoadingCell.swift in Sources */ = {isa = PBXBuildFile; fileRef = 5B6D8BC32A87D2E200D3A53E /* CryptoLoadingCell.swift */; };
		5B6D8BC72A87D3D700D3A53E /* SkeletonView in Frameworks */ = {isa = PBXBuildFile; productRef = 5B6D8BC62A87D3D700D3A53E /* SkeletonView */; };
		5B6D8BC92A88ACAE00D3A53E /* CryptoErrorCell.swift in Sources */ = {isa = PBXBuildFile; fileRef = 5B6D8BC82A88ACAE00D3A53E /* CryptoErrorCell.swift */; };
		5B6D8BCB2A88B21300D3A53E /* LoadingType.swift in Sources */ = {isa = PBXBuildFile; fileRef = 5B6D8BCA2A88B21300D3A53E /* LoadingType.swift */; };
		5B6D8BCE2A88B48100D3A53E /* CryptoCollectionCellOutput.swift in Sources */ = {isa = PBXBuildFile; fileRef = 5B6D8BCD2A88B48100D3A53E /* CryptoCollectionCellOutput.swift */; };
		5B6D8BD12A88EDA100D3A53E /* CryptoMoreCell.swift in Sources */ = {isa = PBXBuildFile; fileRef = 5B6D8BD02A88EDA100D3A53E /* CryptoMoreCell.swift */; };
		5B795CD7299E24C000A9E96D /* CryptoViewController.swift in Sources */ = {isa = PBXBuildFile; fileRef = 5B795CD6299E24C000A9E96D /* CryptoViewController.swift */; };
		5B95ED5928EAC7C100EA54BB /* AppDelegate.swift in Sources */ = {isa = PBXBuildFile; fileRef = 5B95ED5828EAC7C100EA54BB /* AppDelegate.swift */; };
		5B95ED6228EAC7C300EA54BB /* Assets.xcassets in Resources */ = {isa = PBXBuildFile; fileRef = 5B95ED6128EAC7C300EA54BB /* Assets.xcassets */; };
		5B95ED6528EAC7C300EA54BB /* LaunchScreen.storyboard in Resources */ = {isa = PBXBuildFile; fileRef = 5B95ED6328EAC7C300EA54BB /* LaunchScreen.storyboard */; };
		5B95ED7128EAD03A00EA54BB /* CoinEntry.swift in Sources */ = {isa = PBXBuildFile; fileRef = 5B95ED7028EAD03A00EA54BB /* CoinEntry.swift */; };
		5B95ED7328EAE0B900EA54BB /* DefaultCryptoService.swift in Sources */ = {isa = PBXBuildFile; fileRef = 5B95ED7228EAE0B900EA54BB /* DefaultCryptoService.swift */; };
/* End PBXBuildFile section */

/* Begin PBXFileReference section */
		5B1E0F0F294BD25B002430A0 /* LoadImageView.swift */ = {isa = PBXFileReference; lastKnownFileType = sourcecode.swift; path = LoadImageView.swift; sourceTree = "<group>"; };
		5B1F91252A8760F200F1ACEE /* UICollectionView+Extension.swift */ = {isa = PBXFileReference; fileEncoding = 4; lastKnownFileType = sourcecode.swift; path = "UICollectionView+Extension.swift"; sourceTree = "<group>"; };
		5B1F91282A87614E00F1ACEE /* CryptoCollectionCell.swift */ = {isa = PBXFileReference; lastKnownFileType = sourcecode.swift; path = CryptoCollectionCell.swift; sourceTree = "<group>"; };
		5B1F912C2A8762FE00F1ACEE /* ErrorType.swift */ = {isa = PBXFileReference; lastKnownFileType = sourcecode.swift; path = ErrorType.swift; sourceTree = "<group>"; };
		5B1F912F2A8777AB00F1ACEE /* CryptoViewModel.swift */ = {isa = PBXFileReference; lastKnownFileType = sourcecode.swift; path = CryptoViewModel.swift; sourceTree = "<group>"; };
		5B1F91322A87788100F1ACEE /* CoinType.swift */ = {isa = PBXFileReference; lastKnownFileType = sourcecode.swift; path = CoinType.swift; sourceTree = "<group>"; };
		5B1F91342A87791800F1ACEE /* CoinUIModel.swift */ = {isa = PBXFileReference; lastKnownFileType = sourcecode.swift; path = CoinUIModel.swift; sourceTree = "<group>"; };
		5B1F91372A877BD800F1ACEE /* CryptoService.swift */ = {isa = PBXFileReference; lastKnownFileType = sourcecode.swift; path = CryptoService.swift; sourceTree = "<group>"; };
		5B1F91392A878E1900F1ACEE /* Publisher+Extension.swift */ = {isa = PBXFileReference; fileEncoding = 4; lastKnownFileType = sourcecode.swift; path = "Publisher+Extension.swift"; sourceTree = "<group>"; };
		5B1F913B2A87918400F1ACEE /* CryptoCell.swift */ = {isa = PBXFileReference; lastKnownFileType = sourcecode.swift; path = CryptoCell.swift; sourceTree = "<group>"; };
		5B1F913D2A879B2C00F1ACEE /* TabCell.swift */ = {isa = PBXFileReference; lastKnownFileType = sourcecode.swift; path = TabCell.swift; sourceTree = "<group>"; };
		5B1F91412A87AAD500F1ACEE /* CryptoConfigurator.swift */ = {isa = PBXFileReference; lastKnownFileType = sourcecode.swift; path = CryptoConfigurator.swift; sourceTree = "<group>"; };
		5B1F91432A87AAF300F1ACEE /* CryptoOutput.swift */ = {isa = PBXFileReference; lastKnownFileType = sourcecode.swift; path = CryptoOutput.swift; sourceTree = "<group>"; };
		5B1F91472A87B29900F1ACEE /* BottomSheetTransitioningDelegate.swift */ = {isa = PBXFileReference; fileEncoding = 4; lastKnownFileType = sourcecode.swift; path = BottomSheetTransitioningDelegate.swift; sourceTree = "<group>"; };
		5B1F91482A87B29900F1ACEE /* PreferredSheetSizing.swift */ = {isa = PBXFileReference; fileEncoding = 4; lastKnownFileType = sourcecode.swift; path = PreferredSheetSizing.swift; sourceTree = "<group>"; };
		5B1F91492A87B29900F1ACEE /* BottomSheetController.swift */ = {isa = PBXFileReference; fileEncoding = 4; lastKnownFileType = sourcecode.swift; path = BottomSheetController.swift; sourceTree = "<group>"; };
		5B1F914E2A87B2BB00F1ACEE /* ErrorViewController.swift */ = {isa = PBXFileReference; lastKnownFileType = sourcecode.swift; path = ErrorViewController.swift; sourceTree = "<group>"; };
		5B1F91502A87B2FE00F1ACEE /* ErrorViewModel.swift */ = {isa = PBXFileReference; lastKnownFileType = sourcecode.swift; path = ErrorViewModel.swift; sourceTree = "<group>"; };
		5B1F91522A87B42100F1ACEE /* ErrorViewOutput.swift */ = {isa = PBXFileReference; lastKnownFileType = sourcecode.swift; path = ErrorViewOutput.swift; sourceTree = "<group>"; };
		5B1F91542A87B6D700F1ACEE /* UIControl+Combine.swift */ = {isa = PBXFileReference; fileEncoding = 4; lastKnownFileType = sourcecode.swift; path = "UIControl+Combine.swift"; sourceTree = "<group>"; };
		5B1F91562A87B73A00F1ACEE /* ErrorConfigurator.swift */ = {isa = PBXFileReference; lastKnownFileType = sourcecode.swift; path = ErrorConfigurator.swift; sourceTree = "<group>"; };
		5B1F91592A87BF6800F1ACEE /* UIApplicationExtension.swift */ = {isa = PBXFileReference; fileEncoding = 4; lastKnownFileType = sourcecode.swift; path = UIApplicationExtension.swift; sourceTree = "<group>"; };
		5B1F915A2A87BF6800F1ACEE /* Presentable.swift */ = {isa = PBXFileReference; fileEncoding = 4; lastKnownFileType = sourcecode.swift; path = Presentable.swift; sourceTree = "<group>"; };
		5B1F915B2A87BF6800F1ACEE /* MainRouter.swift */ = {isa = PBXFileReference; fileEncoding = 4; lastKnownFileType = sourcecode.swift; path = MainRouter.swift; sourceTree = "<group>"; };
		5B1F915C2A87BF6800F1ACEE /* Router.swift */ = {isa = PBXFileReference; fileEncoding = 4; lastKnownFileType = sourcecode.swift; path = Router.swift; sourceTree = "<group>"; };
		5B1F915D2A87BF6800F1ACEE /* BaseCoordinator.swift */ = {isa = PBXFileReference; fileEncoding = 4; lastKnownFileType = sourcecode.swift; path = BaseCoordinator.swift; sourceTree = "<group>"; };
		5B1F915E2A87BF6800F1ACEE /* Coordinator.swift */ = {isa = PBXFileReference; fileEncoding = 4; lastKnownFileType = sourcecode.swift; path = Coordinator.swift; sourceTree = "<group>"; };
		5B1F91652A87BF7800F1ACEE /* MainCoordinator.swift */ = {isa = PBXFileReference; fileEncoding = 4; lastKnownFileType = sourcecode.swift; path = MainCoordinator.swift; sourceTree = "<group>"; };
		5B1F91672A87C12B00F1ACEE /* MainService.swift */ = {isa = PBXFileReference; lastKnownFileType = sourcecode.swift; path = MainService.swift; sourceTree = "<group>"; };
		5B1F91692A87C23400F1ACEE /* UIViewController+Extension.swift */ = {isa = PBXFileReference; lastKnownFileType = sourcecode.swift; path = "UIViewController+Extension.swift"; sourceTree = "<group>"; };
		5B1F916B2A87C54100F1ACEE /* Info.plist */ = {isa = PBXFileReference; fileEncoding = 4; lastKnownFileType = text.plist.xml; path = Info.plist; sourceTree = "<group>"; };
		5B1F916D2A87C55600F1ACEE /* SceneDelegate.swift */ = {isa = PBXFileReference; fileEncoding = 4; lastKnownFileType = sourcecode.swift; path = SceneDelegate.swift; sourceTree = "<group>"; };
		5B6D8BC32A87D2E200D3A53E /* CryptoLoadingCell.swift */ = {isa = PBXFileReference; lastKnownFileType = sourcecode.swift; path = CryptoLoadingCell.swift; sourceTree = "<group>"; };
		5B6D8BC82A88ACAE00D3A53E /* CryptoErrorCell.swift */ = {isa = PBXFileReference; lastKnownFileType = sourcecode.swift; path = CryptoErrorCell.swift; sourceTree = "<group>"; };
		5B6D8BCA2A88B21300D3A53E /* LoadingType.swift */ = {isa = PBXFileReference; lastKnownFileType = sourcecode.swift; path = LoadingType.swift; sourceTree = "<group>"; };
		5B6D8BCD2A88B48100D3A53E /* CryptoCollectionCellOutput.swift */ = {isa = PBXFileReference; lastKnownFileType = sourcecode.swift; path = CryptoCollectionCellOutput.swift; sourceTree = "<group>"; };
		5B6D8BD02A88EDA100D3A53E /* CryptoMoreCell.swift */ = {isa = PBXFileReference; lastKnownFileType = sourcecode.swift; path = CryptoMoreCell.swift; sourceTree = "<group>"; };
		5B795CD6299E24C000A9E96D /* CryptoViewController.swift */ = {isa = PBXFileReference; lastKnownFileType = sourcecode.swift; path = CryptoViewController.swift; sourceTree = "<group>"; };
		5B95ED5528EAC7C100EA54BB /* cryptoMonitoring.app */ = {isa = PBXFileReference; explicitFileType = wrapper.application; includeInIndex = 0; path = cryptoMonitoring.app; sourceTree = BUILT_PRODUCTS_DIR; };
		5B95ED5828EAC7C100EA54BB /* AppDelegate.swift */ = {isa = PBXFileReference; lastKnownFileType = sourcecode.swift; path = AppDelegate.swift; sourceTree = "<group>"; };
		5B95ED6128EAC7C300EA54BB /* Assets.xcassets */ = {isa = PBXFileReference; lastKnownFileType = folder.assetcatalog; path = Assets.xcassets; sourceTree = "<group>"; };
		5B95ED6428EAC7C300EA54BB /* Base */ = {isa = PBXFileReference; lastKnownFileType = file.storyboard; name = Base; path = Base.lproj/LaunchScreen.storyboard; sourceTree = "<group>"; };
		5B95ED7028EAD03A00EA54BB /* CoinEntry.swift */ = {isa = PBXFileReference; lastKnownFileType = sourcecode.swift; path = CoinEntry.swift; sourceTree = "<group>"; };
		5B95ED7228EAE0B900EA54BB /* DefaultCryptoService.swift */ = {isa = PBXFileReference; lastKnownFileType = sourcecode.swift; path = DefaultCryptoService.swift; sourceTree = "<group>"; };
/* End PBXFileReference section */

/* Begin PBXFrameworksBuildPhase section */
		5B95ED5228EAC7C100EA54BB /* Frameworks */ = {
			isa = PBXFrameworksBuildPhase;
			buildActionMask = 2147483647;
			files = (
				5B6D8BC72A87D3D700D3A53E /* SkeletonView in Frameworks */,
				5B1F91242A87601800F1ACEE /* OneGoLayoutConstraint in Frameworks */,
			);
			runOnlyForDeploymentPostprocessing = 0;
		};
/* End PBXFrameworksBuildPhase section */

/* Begin PBXGroup section */
		5B1F911F2A875DA200F1ACEE /* Model */ = {
			isa = PBXGroup;
			children = (
				5B95ED7028EAD03A00EA54BB /* CoinEntry.swift */,
				5B1F91322A87788100F1ACEE /* CoinType.swift */,
				5B1F91342A87791800F1ACEE /* CoinUIModel.swift */,
				5B6D8BCA2A88B21300D3A53E /* LoadingType.swift */,
			);
			path = Model;
			sourceTree = "<group>";
		};
		5B1F91272A87614100F1ACEE /* Views */ = {
			isa = PBXGroup;
			children = (
				5B6D8BCC2A88B46500D3A53E /* Cells */,
				5B1F91282A87614E00F1ACEE /* CryptoCollectionCell.swift */,
				5B1F913D2A879B2C00F1ACEE /* TabCell.swift */,
				5B6D8BCD2A88B48100D3A53E /* CryptoCollectionCellOutput.swift */,
			);
			path = Views;
			sourceTree = "<group>";
		};
		5B1F912E2A87779B00F1ACEE /* Extensions */ = {
			isa = PBXGroup;
			children = (
				5B1F91542A87B6D700F1ACEE /* UIControl+Combine.swift */,
				5B1F91392A878E1900F1ACEE /* Publisher+Extension.swift */,
				5B1F91252A8760F200F1ACEE /* UICollectionView+Extension.swift */,
				5B1F91692A87C23400F1ACEE /* UIViewController+Extension.swift */,
			);
			path = Extensions;
			sourceTree = "<group>";
		};
		5B1F91312A87786200F1ACEE /* Services */ = {
			isa = PBXGroup;
			children = (
				5B1F91362A877BC300F1ACEE /* CryptoService */,
				5B1F912C2A8762FE00F1ACEE /* ErrorType.swift */,
				5B1F91672A87C12B00F1ACEE /* MainService.swift */,
			);
			path = Services;
			sourceTree = "<group>";
		};
		5B1F91362A877BC300F1ACEE /* CryptoService */ = {
			isa = PBXGroup;
			children = (
				5B95ED7228EAE0B900EA54BB /* DefaultCryptoService.swift */,
				5B1F91372A877BD800F1ACEE /* CryptoService.swift */,
			);
			path = CryptoService;
			sourceTree = "<group>";
		};
		5B1F913F2A87AA7100F1ACEE /* Modules */ = {
			isa = PBXGroup;
			children = (
				5B1F91652A87BF7800F1ACEE /* MainCoordinator.swift */,
				5B1F914D2A87B2A200F1ACEE /* ErrorModule */,
				5B1F91402A87AAAD00F1ACEE /* CoinList */,
			);
			path = Modules;
			sourceTree = "<group>";
		};
		5B1F91402A87AAAD00F1ACEE /* CoinList */ = {
			isa = PBXGroup;
			children = (
				5B1F911F2A875DA200F1ACEE /* Model */,
				5B1F91272A87614100F1ACEE /* Views */,
				5B795CD6299E24C000A9E96D /* CryptoViewController.swift */,
				5B1F912F2A8777AB00F1ACEE /* CryptoViewModel.swift */,
				5B1F91412A87AAD500F1ACEE /* CryptoConfigurator.swift */,
				5B1F91432A87AAF300F1ACEE /* CryptoOutput.swift */,
			);
			path = CoinList;
			sourceTree = "<group>";
		};
		5B1F91452A87B26D00F1ACEE /* Common */ = {
			isa = PBXGroup;
			children = (
				5B6D8BCF2A88BF7F00D3A53E /* LoadImageView */,
				5B1F912E2A87779B00F1ACEE /* Extensions */,
				5B1F91582A87BF6800F1ACEE /* Router */,
				5B1F91462A87B29900F1ACEE /* BottomSheet */,
			);
			path = Common;
			sourceTree = "<group>";
		};
		5B1F91462A87B29900F1ACEE /* BottomSheet */ = {
			isa = PBXGroup;
			children = (
				5B1F91472A87B29900F1ACEE /* BottomSheetTransitioningDelegate.swift */,
				5B1F91482A87B29900F1ACEE /* PreferredSheetSizing.swift */,
				5B1F91492A87B29900F1ACEE /* BottomSheetController.swift */,
			);
			path = BottomSheet;
			sourceTree = "<group>";
		};
		5B1F914D2A87B2A200F1ACEE /* ErrorModule */ = {
			isa = PBXGroup;
			children = (
				5B1F914E2A87B2BB00F1ACEE /* ErrorViewController.swift */,
				5B1F91502A87B2FE00F1ACEE /* ErrorViewModel.swift */,
				5B1F91522A87B42100F1ACEE /* ErrorViewOutput.swift */,
				5B1F91562A87B73A00F1ACEE /* ErrorConfigurator.swift */,
			);
			path = ErrorModule;
			sourceTree = "<group>";
		};
		5B1F91582A87BF6800F1ACEE /* Router */ = {
			isa = PBXGroup;
			children = (
				5B1F91592A87BF6800F1ACEE /* UIApplicationExtension.swift */,
				5B1F915A2A87BF6800F1ACEE /* Presentable.swift */,
				5B1F915B2A87BF6800F1ACEE /* MainRouter.swift */,
				5B1F915C2A87BF6800F1ACEE /* Router.swift */,
				5B1F915D2A87BF6800F1ACEE /* BaseCoordinator.swift */,
				5B1F915E2A87BF6800F1ACEE /* Coordinator.swift */,
			);
			path = Router;
			sourceTree = "<group>";
		};
		5B2643F12907EE74003B3966 /* Frameworks */ = {
			isa = PBXGroup;
			children = (
			);
			name = Frameworks;
			sourceTree = "<group>";
		};
		5B6CA12E294BB51D00678C69 /* Application */ = {
			isa = PBXGroup;
			children = (
				5B1F916D2A87C55600F1ACEE /* SceneDelegate.swift */,
				5B95ED5828EAC7C100EA54BB /* AppDelegate.swift */,
			);
			path = Application;
			sourceTree = "<group>";
		};
		5B6CA133294BB57B00678C69 /* Supporting files */ = {
			isa = PBXGroup;
			children = (
				5B1F916B2A87C54100F1ACEE /* Info.plist */,
				5B95ED6328EAC7C300EA54BB /* LaunchScreen.storyboard */,
			);
			path = "Supporting files";
			sourceTree = "<group>";
		};
		5B6CA134294BB58F00678C69 /* Resources */ = {
			isa = PBXGroup;
			children = (
				5B95ED6128EAC7C300EA54BB /* Assets.xcassets */,
			);
			path = Resources;
			sourceTree = "<group>";
		};
		5B6D8BCC2A88B46500D3A53E /* Cells */ = {
			isa = PBXGroup;
			children = (
				5B1F913B2A87918400F1ACEE /* CryptoCell.swift */,
				5B6D8BC32A87D2E200D3A53E /* CryptoLoadingCell.swift */,
				5B6D8BC82A88ACAE00D3A53E /* CryptoErrorCell.swift */,
				5B6D8BD02A88EDA100D3A53E /* CryptoMoreCell.swift */,
			);
			path = Cells;
			sourceTree = "<group>";
		};
		5B6D8BCF2A88BF7F00D3A53E /* LoadImageView */ = {
			isa = PBXGroup;
			children = (
				5B1E0F0F294BD25B002430A0 /* LoadImageView.swift */,
			);
			path = LoadImageView;
			sourceTree = "<group>";
		};
		5B95ED4C28EAC7C100EA54BB = {
			isa = PBXGroup;
			children = (
				5B95ED5728EAC7C100EA54BB /* cryptoMonitoring */,
				5B95ED5628EAC7C100EA54BB /* Products */,
				5B2643F12907EE74003B3966 /* Frameworks */,
			);
			sourceTree = "<group>";
		};
		5B95ED5628EAC7C100EA54BB /* Products */ = {
			isa = PBXGroup;
			children = (
				5B95ED5528EAC7C100EA54BB /* cryptoMonitoring.app */,
			);
			name = Products;
			sourceTree = "<group>";
		};
		5B95ED5728EAC7C100EA54BB /* cryptoMonitoring */ = {
			isa = PBXGroup;
			children = (
				5B6CA12E294BB51D00678C69 /* Application */,
				5B1F91452A87B26D00F1ACEE /* Common */,
				5B1F913F2A87AA7100F1ACEE /* Modules */,
				5B6CA133294BB57B00678C69 /* Supporting files */,
				5B1F91312A87786200F1ACEE /* Services */,
				5B6CA134294BB58F00678C69 /* Resources */,
			);
			path = cryptoMonitoring;
			sourceTree = "<group>";
		};
/* End PBXGroup section */

/* Begin PBXNativeTarget section */
		5B95ED5428EAC7C100EA54BB /* cryptoMonitoring */ = {
			isa = PBXNativeTarget;
			buildConfigurationList = 5B95ED6928EAC7C300EA54BB /* Build configuration list for PBXNativeTarget "cryptoMonitoring" */;
			buildPhases = (
				5B95ED5128EAC7C100EA54BB /* Sources */,
				5B95ED5228EAC7C100EA54BB /* Frameworks */,
				5B95ED5328EAC7C100EA54BB /* Resources */,
			);
			buildRules = (
			);
			dependencies = (
			);
			name = cryptoMonitoring;
			packageProductDependencies = (
				5B1F91232A87601800F1ACEE /* OneGoLayoutConstraint */,
				5B6D8BC62A87D3D700D3A53E /* SkeletonView */,
			);
			productName = cryptoMonitoring;
			productReference = 5B95ED5528EAC7C100EA54BB /* cryptoMonitoring.app */;
			productType = "com.apple.product-type.application";
		};
/* End PBXNativeTarget section */

/* Begin PBXProject section */
		5B95ED4D28EAC7C100EA54BB /* Project object */ = {
			isa = PBXProject;
			attributes = {
				BuildIndependentTargetsInParallel = 1;
				LastSwiftUpdateCheck = 1400;
				LastUpgradeCheck = 1400;
				TargetAttributes = {
					5B95ED5428EAC7C100EA54BB = {
						CreatedOnToolsVersion = 14.0;
					};
				};
			};
			buildConfigurationList = 5B95ED5028EAC7C100EA54BB /* Build configuration list for PBXProject "cryptoMonitoring" */;
			compatibilityVersion = "Xcode 14.0";
			developmentRegion = en;
			hasScannedForEncodings = 0;
			knownRegions = (
				en,
				Base,
			);
			mainGroup = 5B95ED4C28EAC7C100EA54BB;
			packageReferences = (
				5B1F91222A87601800F1ACEE /* XCRemoteSwiftPackageReference "OneGoLayoutConstraint" */,
				5B6D8BC52A87D3D700D3A53E /* XCRemoteSwiftPackageReference "SkeletonView" */,
			);
			productRefGroup = 5B95ED5628EAC7C100EA54BB /* Products */;
			projectDirPath = "";
			projectRoot = "";
			targets = (
				5B95ED5428EAC7C100EA54BB /* cryptoMonitoring */,
			);
		};
/* End PBXProject section */

/* Begin PBXResourcesBuildPhase section */
		5B95ED5328EAC7C100EA54BB /* Resources */ = {
			isa = PBXResourcesBuildPhase;
			buildActionMask = 2147483647;
			files = (
				5B95ED6528EAC7C300EA54BB /* LaunchScreen.storyboard in Resources */,
				5B95ED6228EAC7C300EA54BB /* Assets.xcassets in Resources */,
			);
			runOnlyForDeploymentPostprocessing = 0;
		};
/* End PBXResourcesBuildPhase section */

/* Begin PBXSourcesBuildPhase section */
		5B95ED5128EAC7C100EA54BB /* Sources */ = {
			isa = PBXSourcesBuildPhase;
			buildActionMask = 2147483647;
			files = (
				5B1F913C2A87918400F1ACEE /* CryptoCell.swift in Sources */,
				5B1F91612A87BF6800F1ACEE /* MainRouter.swift in Sources */,
				5B1F91552A87B6D700F1ACEE /* UIControl+Combine.swift in Sources */,
				5B1F914A2A87B29900F1ACEE /* BottomSheetTransitioningDelegate.swift in Sources */,
				5B1F916A2A87C23400F1ACEE /* UIViewController+Extension.swift in Sources */,
				5B1E0F10294BD25B002430A0 /* LoadImageView.swift in Sources */,
				5B95ED7128EAD03A00EA54BB /* CoinEntry.swift in Sources */,
				5B6D8BCE2A88B48100D3A53E /* CryptoCollectionCellOutput.swift in Sources */,
				5B1F91332A87788100F1ACEE /* CoinType.swift in Sources */,
				5B1F913A2A878E1900F1ACEE /* Publisher+Extension.swift in Sources */,
				5B1F91682A87C12B00F1ACEE /* MainService.swift in Sources */,
				5B6D8BD12A88EDA100D3A53E /* CryptoMoreCell.swift in Sources */,
				5B1F91442A87AAF300F1ACEE /* CryptoOutput.swift in Sources */,
				5B1F91602A87BF6800F1ACEE /* Presentable.swift in Sources */,
				5B1F914F2A87B2BC00F1ACEE /* ErrorViewController.swift in Sources */,
				5B95ED5928EAC7C100EA54BB /* AppDelegate.swift in Sources */,
				5B1F91262A8760F200F1ACEE /* UICollectionView+Extension.swift in Sources */,
				5B1F916E2A87C55600F1ACEE /* SceneDelegate.swift in Sources */,
				5B1F91422A87AAD500F1ACEE /* CryptoConfigurator.swift in Sources */,
				5B1F91382A877BD800F1ACEE /* CryptoService.swift in Sources */,
				5B1F91352A87791800F1ACEE /* CoinUIModel.swift in Sources */,
				5B1F91302A8777AB00F1ACEE /* CryptoViewModel.swift in Sources */,
				5B795CD7299E24C000A9E96D /* CryptoViewController.swift in Sources */,
				5B1F91572A87B73A00F1ACEE /* ErrorConfigurator.swift in Sources */,
				5B1F913E2A879B2C00F1ACEE /* TabCell.swift in Sources */,
				5B1F91532A87B42100F1ACEE /* ErrorViewOutput.swift in Sources */,
				5B1F91622A87BF6800F1ACEE /* Router.swift in Sources */,
				5B95ED7328EAE0B900EA54BB /* DefaultCryptoService.swift in Sources */,
				5B1F914C2A87B29900F1ACEE /* BottomSheetController.swift in Sources */,
				5B1F91642A87BF6800F1ACEE /* Coordinator.swift in Sources */,
				5B1F91662A87BF7800F1ACEE /* MainCoordinator.swift in Sources */,
				5B1F912D2A8762FE00F1ACEE /* ErrorType.swift in Sources */,
				5B6D8BCB2A88B21300D3A53E /* LoadingType.swift in Sources */,
				5B1F91632A87BF6800F1ACEE /* BaseCoordinator.swift in Sources */,
				5B1F915F2A87BF6800F1ACEE /* UIApplicationExtension.swift in Sources */,
				5B1F914B2A87B29900F1ACEE /* PreferredSheetSizing.swift in Sources */,
				5B6D8BC42A87D2E200D3A53E /* CryptoLoadingCell.swift in Sources */,
				5B6D8BC92A88ACAE00D3A53E /* CryptoErrorCell.swift in Sources */,
				5B1F91292A87614E00F1ACEE /* CryptoCollectionCell.swift in Sources */,
				5B1F91512A87B2FE00F1ACEE /* ErrorViewModel.swift in Sources */,
			);
			runOnlyForDeploymentPostprocessing = 0;
		};
/* End PBXSourcesBuildPhase section */

/* Begin PBXVariantGroup section */
		5B95ED6328EAC7C300EA54BB /* LaunchScreen.storyboard */ = {
			isa = PBXVariantGroup;
			children = (
				5B95ED6428EAC7C300EA54BB /* Base */,
			);
			name = LaunchScreen.storyboard;
			sourceTree = "<group>";
		};
/* End PBXVariantGroup section */

/* Begin XCBuildConfiguration section */
		5B95ED6728EAC7C300EA54BB /* Debug */ = {
			isa = XCBuildConfiguration;
			buildSettings = {
				ALWAYS_SEARCH_USER_PATHS = NO;
				CLANG_ANALYZER_NONNULL = YES;
				CLANG_ANALYZER_NUMBER_OBJECT_CONVERSION = YES_AGGRESSIVE;
				CLANG_CXX_LANGUAGE_STANDARD = "gnu++20";
				CLANG_ENABLE_MODULES = YES;
				CLANG_ENABLE_OBJC_ARC = YES;
				CLANG_ENABLE_OBJC_WEAK = YES;
				CLANG_WARN_BLOCK_CAPTURE_AUTORELEASING = YES;
				CLANG_WARN_BOOL_CONVERSION = YES;
				CLANG_WARN_COMMA = YES;
				CLANG_WARN_CONSTANT_CONVERSION = YES;
				CLANG_WARN_DEPRECATED_OBJC_IMPLEMENTATIONS = YES;
				CLANG_WARN_DIRECT_OBJC_ISA_USAGE = YES_ERROR;
				CLANG_WARN_DOCUMENTATION_COMMENTS = YES;
				CLANG_WARN_EMPTY_BODY = YES;
				CLANG_WARN_ENUM_CONVERSION = YES;
				CLANG_WARN_INFINITE_RECURSION = YES;
				CLANG_WARN_INT_CONVERSION = YES;
				CLANG_WARN_NON_LITERAL_NULL_CONVERSION = YES;
				CLANG_WARN_OBJC_IMPLICIT_RETAIN_SELF = YES;
				CLANG_WARN_OBJC_LITERAL_CONVERSION = YES;
				CLANG_WARN_OBJC_ROOT_CLASS = YES_ERROR;
				CLANG_WARN_QUOTED_INCLUDE_IN_FRAMEWORK_HEADER = YES;
				CLANG_WARN_RANGE_LOOP_ANALYSIS = YES;
				CLANG_WARN_STRICT_PROTOTYPES = YES;
				CLANG_WARN_SUSPICIOUS_MOVE = YES;
				CLANG_WARN_UNGUARDED_AVAILABILITY = YES_AGGRESSIVE;
				CLANG_WARN_UNREACHABLE_CODE = YES;
				CLANG_WARN__DUPLICATE_METHOD_MATCH = YES;
				COPY_PHASE_STRIP = NO;
				DEBUG_INFORMATION_FORMAT = dwarf;
				ENABLE_STRICT_OBJC_MSGSEND = YES;
				ENABLE_TESTABILITY = YES;
				GCC_C_LANGUAGE_STANDARD = gnu11;
				GCC_DYNAMIC_NO_PIC = NO;
				GCC_NO_COMMON_BLOCKS = YES;
				GCC_OPTIMIZATION_LEVEL = 0;
				GCC_PREPROCESSOR_DEFINITIONS = (
					"DEBUG=1",
					"$(inherited)",
				);
				GCC_WARN_64_TO_32_BIT_CONVERSION = YES;
				GCC_WARN_ABOUT_RETURN_TYPE = YES_ERROR;
				GCC_WARN_UNDECLARED_SELECTOR = YES;
				GCC_WARN_UNINITIALIZED_AUTOS = YES_AGGRESSIVE;
				GCC_WARN_UNUSED_FUNCTION = YES;
				GCC_WARN_UNUSED_VARIABLE = YES;
				IPHONEOS_DEPLOYMENT_TARGET = 16.0;
				MTL_ENABLE_DEBUG_INFO = INCLUDE_SOURCE;
				MTL_FAST_MATH = YES;
				ONLY_ACTIVE_ARCH = YES;
				SDKROOT = iphoneos;
				SWIFT_ACTIVE_COMPILATION_CONDITIONS = DEBUG;
				SWIFT_OPTIMIZATION_LEVEL = "-Onone";
			};
			name = Debug;
		};
		5B95ED6828EAC7C300EA54BB /* Release */ = {
			isa = XCBuildConfiguration;
			buildSettings = {
				ALWAYS_SEARCH_USER_PATHS = NO;
				CLANG_ANALYZER_NONNULL = YES;
				CLANG_ANALYZER_NUMBER_OBJECT_CONVERSION = YES_AGGRESSIVE;
				CLANG_CXX_LANGUAGE_STANDARD = "gnu++20";
				CLANG_ENABLE_MODULES = YES;
				CLANG_ENABLE_OBJC_ARC = YES;
				CLANG_ENABLE_OBJC_WEAK = YES;
				CLANG_WARN_BLOCK_CAPTURE_AUTORELEASING = YES;
				CLANG_WARN_BOOL_CONVERSION = YES;
				CLANG_WARN_COMMA = YES;
				CLANG_WARN_CONSTANT_CONVERSION = YES;
				CLANG_WARN_DEPRECATED_OBJC_IMPLEMENTATIONS = YES;
				CLANG_WARN_DIRECT_OBJC_ISA_USAGE = YES_ERROR;
				CLANG_WARN_DOCUMENTATION_COMMENTS = YES;
				CLANG_WARN_EMPTY_BODY = YES;
				CLANG_WARN_ENUM_CONVERSION = YES;
				CLANG_WARN_INFINITE_RECURSION = YES;
				CLANG_WARN_INT_CONVERSION = YES;
				CLANG_WARN_NON_LITERAL_NULL_CONVERSION = YES;
				CLANG_WARN_OBJC_IMPLICIT_RETAIN_SELF = YES;
				CLANG_WARN_OBJC_LITERAL_CONVERSION = YES;
				CLANG_WARN_OBJC_ROOT_CLASS = YES_ERROR;
				CLANG_WARN_QUOTED_INCLUDE_IN_FRAMEWORK_HEADER = YES;
				CLANG_WARN_RANGE_LOOP_ANALYSIS = YES;
				CLANG_WARN_STRICT_PROTOTYPES = YES;
				CLANG_WARN_SUSPICIOUS_MOVE = YES;
				CLANG_WARN_UNGUARDED_AVAILABILITY = YES_AGGRESSIVE;
				CLANG_WARN_UNREACHABLE_CODE = YES;
				CLANG_WARN__DUPLICATE_METHOD_MATCH = YES;
				COPY_PHASE_STRIP = NO;
				DEBUG_INFORMATION_FORMAT = "dwarf-with-dsym";
				ENABLE_NS_ASSERTIONS = NO;
				ENABLE_STRICT_OBJC_MSGSEND = YES;
				GCC_C_LANGUAGE_STANDARD = gnu11;
				GCC_NO_COMMON_BLOCKS = YES;
				GCC_WARN_64_TO_32_BIT_CONVERSION = YES;
				GCC_WARN_ABOUT_RETURN_TYPE = YES_ERROR;
				GCC_WARN_UNDECLARED_SELECTOR = YES;
				GCC_WARN_UNINITIALIZED_AUTOS = YES_AGGRESSIVE;
				GCC_WARN_UNUSED_FUNCTION = YES;
				GCC_WARN_UNUSED_VARIABLE = YES;
				IPHONEOS_DEPLOYMENT_TARGET = 16.0;
				MTL_ENABLE_DEBUG_INFO = NO;
				MTL_FAST_MATH = YES;
				SDKROOT = iphoneos;
				SWIFT_COMPILATION_MODE = wholemodule;
				SWIFT_OPTIMIZATION_LEVEL = "-O";
				VALIDATE_PRODUCT = YES;
			};
			name = Release;
		};
		5B95ED6A28EAC7C300EA54BB /* Debug */ = {
			isa = XCBuildConfiguration;
			buildSettings = {
				ASSETCATALOG_COMPILER_APPICON_NAME = AppIcon;
				ASSETCATALOG_COMPILER_GLOBAL_ACCENT_COLOR_NAME = AccentColor;
				CODE_SIGN_STYLE = Automatic;
				CURRENT_PROJECT_VERSION = 1;
				DEVELOPMENT_TEAM = 88H5UYEH5N;
				GENERATE_INFOPLIST_FILE = YES;
				INFOPLIST_FILE = "cryptoMonitoring/Supporting files/Info.plist";
				INFOPLIST_KEY_UIApplicationSupportsIndirectInputEvents = YES;
				INFOPLIST_KEY_UILaunchStoryboardName = LaunchScreen;
				INFOPLIST_KEY_UISupportedInterfaceOrientations_iPad = "UIInterfaceOrientationPortrait UIInterfaceOrientationPortraitUpsideDown UIInterfaceOrientationLandscapeLeft UIInterfaceOrientationLandscapeRight";
				INFOPLIST_KEY_UISupportedInterfaceOrientations_iPhone = "UIInterfaceOrientationPortrait UIInterfaceOrientationLandscapeLeft UIInterfaceOrientationLandscapeRight";
				IPHONEOS_DEPLOYMENT_TARGET = 15.2;
				LD_RUNPATH_SEARCH_PATHS = (
					"$(inherited)",
					"@executable_path/Frameworks",
				);
				MARKETING_VERSION = 1.0;
				PRODUCT_BUNDLE_IDENTIFIER = c.cryptoMonitoring;
				PRODUCT_NAME = "$(TARGET_NAME)";
				SWIFT_EMIT_LOC_STRINGS = YES;
				SWIFT_VERSION = 5.0;
				TARGETED_DEVICE_FAMILY = "1,2";
			};
			name = Debug;
		};
		5B95ED6B28EAC7C300EA54BB /* Release */ = {
			isa = XCBuildConfiguration;
			buildSettings = {
				ASSETCATALOG_COMPILER_APPICON_NAME = AppIcon;
				ASSETCATALOG_COMPILER_GLOBAL_ACCENT_COLOR_NAME = AccentColor;
				CODE_SIGN_STYLE = Automatic;
				CURRENT_PROJECT_VERSION = 1;
				DEVELOPMENT_TEAM = 88H5UYEH5N;
				GENERATE_INFOPLIST_FILE = YES;
				INFOPLIST_FILE = "cryptoMonitoring/Supporting files/Info.plist";
				INFOPLIST_KEY_UIApplicationSupportsIndirectInputEvents = YES;
				INFOPLIST_KEY_UILaunchStoryboardName = LaunchScreen;
				INFOPLIST_KEY_UISupportedInterfaceOrientations_iPad = "UIInterfaceOrientationPortrait UIInterfaceOrientationPortraitUpsideDown UIInterfaceOrientationLandscapeLeft UIInterfaceOrientationLandscapeRight";
				INFOPLIST_KEY_UISupportedInterfaceOrientations_iPhone = "UIInterfaceOrientationPortrait UIInterfaceOrientationLandscapeLeft UIInterfaceOrientationLandscapeRight";
				IPHONEOS_DEPLOYMENT_TARGET = 15.2;
				LD_RUNPATH_SEARCH_PATHS = (
					"$(inherited)",
					"@executable_path/Frameworks",
				);
				MARKETING_VERSION = 1.0;
				PRODUCT_BUNDLE_IDENTIFIER = c.cryptoMonitoring;
				PRODUCT_NAME = "$(TARGET_NAME)";
				SWIFT_EMIT_LOC_STRINGS = YES;
				SWIFT_VERSION = 5.0;
				TARGETED_DEVICE_FAMILY = "1,2";
			};
			name = Release;
		};
/* End XCBuildConfiguration section */

/* Begin XCConfigurationList section */
		5B95ED5028EAC7C100EA54BB /* Build configuration list for PBXProject "cryptoMonitoring" */ = {
			isa = XCConfigurationList;
			buildConfigurations = (
				5B95ED6728EAC7C300EA54BB /* Debug */,
				5B95ED6828EAC7C300EA54BB /* Release */,
			);
			defaultConfigurationIsVisible = 0;
			defaultConfigurationName = Release;
		};
		5B95ED6928EAC7C300EA54BB /* Build configuration list for PBXNativeTarget "cryptoMonitoring" */ = {
			isa = XCConfigurationList;
			buildConfigurations = (
				5B95ED6A28EAC7C300EA54BB /* Debug */,
				5B95ED6B28EAC7C300EA54BB /* Release */,
			);
			defaultConfigurationIsVisible = 0;
			defaultConfigurationName = Release;
		};
/* End XCConfigurationList section */

/* Begin XCRemoteSwiftPackageReference section */
		5B1F91222A87601800F1ACEE /* XCRemoteSwiftPackageReference "OneGoLayoutConstraint" */ = {
			isa = XCRemoteSwiftPackageReference;
			repositoryURL = "https://github.com/oneGo-inc/OneGoLayoutConstraint";
			requirement = {
				kind = upToNextMajorVersion;
				minimumVersion = 1.0.0;
			};
		};
		5B6D8BC52A87D3D700D3A53E /* XCRemoteSwiftPackageReference "SkeletonView" */ = {
			isa = XCRemoteSwiftPackageReference;
			repositoryURL = "https://github.com/Juanpe/SkeletonView.git";
			requirement = {
				kind = upToNextMajorVersion;
				minimumVersion = 1.0.0;
			};
		};
/* End XCRemoteSwiftPackageReference section */

/* Begin XCSwiftPackageProductDependency section */
		5B1F91232A87601800F1ACEE /* OneGoLayoutConstraint */ = {
			isa = XCSwiftPackageProductDependency;
			package = 5B1F91222A87601800F1ACEE /* XCRemoteSwiftPackageReference "OneGoLayoutConstraint" */;
			productName = OneGoLayoutConstraint;
		};
		5B6D8BC62A87D3D700D3A53E /* SkeletonView */ = {
			isa = XCSwiftPackageProductDependency;
			package = 5B6D8BC52A87D3D700D3A53E /* XCRemoteSwiftPackageReference "SkeletonView" */;
			productName = SkeletonView;
		};
/* End XCSwiftPackageProductDependency section */
	};
	rootObject = 5B95ED4D28EAC7C100EA54BB /* Project object */;
}
